{
  "name": "node-rpsls",
  "version": "1.0.0",
  "lockfileVersion": 3,
  "requires": true,
  "packages": {
    "": {
      "name": "node-rpsls",
      "version": "1.0.0",
      "license": "MIT",
      "dependencies": {
        "minimist": "^1.2.8",
        "node-rps": "^0.0.4"
      },
      "bin": {
        "node-rps": "bin/rps-cli.js",
        "node-rpsls": "bin/rpsls-cli.js"
      }
    },
    "node_modules/minimist": {
      "version": "1.2.8",
      "resolved": "https://registry.npmjs.org/minimist/-/minimist-1.2.8.tgz",
      "integrity": "sha512-2yyAR8qBkN3YuheJanUpWC5U3bb5osDywNB8RzDVlDwDHbocAJveqqj1u8+SVD7jkWT4yvsHCpWqqWqAxb0zCA==",
      "funding": {
        "url": "https://github.com/sponsors/ljharb"
      }
    },
    "node_modules/node-rps": {
      "version": "0.0.4",
      "resolved": "https://registry.npmjs.org/node-rps/-/node-rps-0.0.4.tgz",
      "integrity": "sha512-m1gu6c2Be1610ixt2KqvFiWiXrv0bAhm11QtEOvcRl5THt8cPdvyg2KvzXRSibUf0g6dmubvKRNb1Rjo+IyQSw=="
    }
  }
}
